
Microsoft Visual Studio Solution File, Format Version 12.00
# Visual Studio Version 16
VisualStudioVersion = 16.0.30907.101
MinimumVisualStudioVersion = 10.0.40219.1
Project("{FAE04EC0-301F-11D3-BF4B-00C04F79EFBC}") = "G6E1", "G6E1\G6E1.csproj", "{314E5858-4AFA-472D-B697-4344BD74BE92}"
EndProject
Global
	GlobalSection(SolutionConfigurationPlatforms) = preSolution
		Debug|Any CPU = Debug|Any CPU
		Release|Any CPU = Release|Any CPU
	EndGlobalSection
	GlobalSection(ProjectConfigurationPlatforms) = postSolution
		{314E5858-4AFA-472D-B697-4344BD74BE92}.Debug|Any CPU.ActiveCfg = Debug|Any CPU
		{314E5858-4AFA-472D-B697-4344BD74BE92}.Debug|Any CPU.Build.0 = Debug|Any CPU
		{314E5858-4AFA-472D-B697-4344BD74BE92}.Release|Any CPU.ActiveCfg = Release|Any CPU
		{314E5858-4AFA-472D-B697-4344BD74BE92}.Release|Any CPU.Build.0 = Release|Any CPU
	EndGlobalSection
	GlobalSection(SolutionProperties) = preSolution
		HideSolutionNode = FALSE
	EndGlobalSection
	GlobalSection(ExtensibilityGlobals) = postSolution
		SolutionGuid = {994C9D36-6EFB-45C3-86F6-965F445A7435}
	EndGlobalSection
EndGlobal
